
Microsoft Visual Studio Solution File, Format Version 12.00
# Visual Studio 15
VisualStudioVersion = 15.0.27428.2002
MinimumVisualStudioVersion = 10.0.40219.1
Project("{00D1A9C2-B5F0-4AF3-8072-F6C62B433612}") = "CodeSmell", "CodeSmell\CodeSmell.sqlproj", "{933FC751-7635-4495-9A8F-AE72B26CD7B9}"
EndProject
Global
	GlobalSection(SolutionConfigurationPlatforms) = preSolution
		Debug|Any CPU = Debug|Any CPU
		Release|Any CPU = Release|Any CPU
	EndGlobalSection
	GlobalSection(ProjectConfigurationPlatforms) = postSolution
		{933FC751-7635-4495-9A8F-AE72B26CD7B9}.Debug|Any CPU.ActiveCfg = Debug|Any CPU
		{933FC751-7635-4495-9A8F-AE72B26CD7B9}.Debug|Any CPU.Build.0 = Debug|Any CPU
		{933FC751-7635-4495-9A8F-AE72B26CD7B9}.Debug|Any CPU.Deploy.0 = Debug|Any CPU
		{933FC751-7635-4495-9A8F-AE72B26CD7B9}.Release|Any CPU.ActiveCfg = Release|Any CPU
		{933FC751-7635-4495-9A8F-AE72B26CD7B9}.Release|Any CPU.Build.0 = Release|Any CPU
		{933FC751-7635-4495-9A8F-AE72B26CD7B9}.Release|Any CPU.Deploy.0 = Release|Any CPU
	EndGlobalSection
	GlobalSection(SolutionProperties) = preSolution
		HideSolutionNode = FALSE
	EndGlobalSection
	GlobalSection(ExtensibilityGlobals) = postSolution
		SolutionGuid = {622FD249-0F4A-4A70-92EA-8F52C9813510}
	EndGlobalSection
EndGlobal
